
Microsoft Visual Studio Solution File, Format Version 12.00
# Visual Studio Version 16
VisualStudioVersion = 16.0.31613.86
MinimumVisualStudioVersion = 10.0.40219.1
Project("{FAE04EC0-301F-11D3-BF4B-00C04F79EFBC}") = "S5ExercicioConta", "S5ExercicioConta\S5ExercicioConta.csproj", "{D7667E8B-C54C-4474-AE8F-204BF0F219B8}"
EndProject
Global
	GlobalSection(SolutionConfigurationPlatforms) = preSolution
		Debug|Any CPU = Debug|Any CPU
		Release|Any CPU = Release|Any CPU
	EndGlobalSection
	GlobalSection(ProjectConfigurationPlatforms) = postSolution
		{D7667E8B-C54C-4474-AE8F-204BF0F219B8}.Debug|Any CPU.ActiveCfg = Debug|Any CPU
		{D7667E8B-C54C-4474-AE8F-204BF0F219B8}.Debug|Any CPU.Build.0 = Debug|Any CPU
		{D7667E8B-C54C-4474-AE8F-204BF0F219B8}.Release|Any CPU.ActiveCfg = Release|Any CPU
		{D7667E8B-C54C-4474-AE8F-204BF0F219B8}.Release|Any CPU.Build.0 = Release|Any CPU
	EndGlobalSection
	GlobalSection(SolutionProperties) = preSolution
		HideSolutionNode = FALSE
	EndGlobalSection
	GlobalSection(ExtensibilityGlobals) = postSolution
		SolutionGuid = {7880B028-1281-4A94-9278-DF12872FEA3F}
	EndGlobalSection
EndGlobal
