
Microsoft Visual Studio Solution File, Format Version 12.00
# Visual Studio Version 16
VisualStudioVersion = 16.0.31613.86
MinimumVisualStudioVersion = 10.0.40219.1
Project("{FAE04EC0-301F-11D3-BF4B-00C04F79EFBC}") = "Aula78ExercicioListResProf", "Aula78ExercicioListResProf\Aula78ExercicioListResProf.csproj", "{B5846FC4-93D7-4866-BEE9-6A8E9E7BE877}"
EndProject
Global
	GlobalSection(SolutionConfigurationPlatforms) = preSolution
		Debug|Any CPU = Debug|Any CPU
		Release|Any CPU = Release|Any CPU
	EndGlobalSection
	GlobalSection(ProjectConfigurationPlatforms) = postSolution
		{B5846FC4-93D7-4866-BEE9-6A8E9E7BE877}.Debug|Any CPU.ActiveCfg = Debug|Any CPU
		{B5846FC4-93D7-4866-BEE9-6A8E9E7BE877}.Debug|Any CPU.Build.0 = Debug|Any CPU
		{B5846FC4-93D7-4866-BEE9-6A8E9E7BE877}.Release|Any CPU.ActiveCfg = Release|Any CPU
		{B5846FC4-93D7-4866-BEE9-6A8E9E7BE877}.Release|Any CPU.Build.0 = Release|Any CPU
	EndGlobalSection
	GlobalSection(SolutionProperties) = preSolution
		HideSolutionNode = FALSE
	EndGlobalSection
	GlobalSection(ExtensibilityGlobals) = postSolution
		SolutionGuid = {59F7251A-8AF1-41F3-9FAC-3180ACF2A019}
	EndGlobalSection
EndGlobal
