
Microsoft Visual Studio Solution File, Format Version 12.00
# Visual Studio Version 16
VisualStudioVersion = 16.0.31613.86
MinimumVisualStudioVersion = 10.0.40219.1
Project("{FAE04EC0-301F-11D3-BF4B-00C04F79EFBC}") = "Aula73Ref", "Aula73Ref\Aula73Ref.csproj", "{5805891D-9E01-487E-8FF7-625C20B586BA}"
EndProject
Global
	GlobalSection(SolutionConfigurationPlatforms) = preSolution
		Debug|Any CPU = Debug|Any CPU
		Release|Any CPU = Release|Any CPU
	EndGlobalSection
	GlobalSection(ProjectConfigurationPlatforms) = postSolution
		{5805891D-9E01-487E-8FF7-625C20B586BA}.Debug|Any CPU.ActiveCfg = Debug|Any CPU
		{5805891D-9E01-487E-8FF7-625C20B586BA}.Debug|Any CPU.Build.0 = Debug|Any CPU
		{5805891D-9E01-487E-8FF7-625C20B586BA}.Release|Any CPU.ActiveCfg = Release|Any CPU
		{5805891D-9E01-487E-8FF7-625C20B586BA}.Release|Any CPU.Build.0 = Release|Any CPU
	EndGlobalSection
	GlobalSection(SolutionProperties) = preSolution
		HideSolutionNode = FALSE
	EndGlobalSection
	GlobalSection(ExtensibilityGlobals) = postSolution
		SolutionGuid = {6247915A-9207-47B7-B0B6-84DD696F914B}
	EndGlobalSection
EndGlobal
