
Microsoft Visual Studio Solution File, Format Version 12.00
# Visual Studio Version 16
VisualStudioVersion = 16.0.31613.86
MinimumVisualStudioVersion = 10.0.40219.1
Project("{FAE04EC0-301F-11D3-BF4B-00C04F79EFBC}") = "RetanguloOp", "RetanguloOp\RetanguloOp.csproj", "{A85A4320-21E5-4C24-AE0D-AA9086EB1FC3}"
EndProject
Global
	GlobalSection(SolutionConfigurationPlatforms) = preSolution
		Debug|Any CPU = Debug|Any CPU
		Release|Any CPU = Release|Any CPU
	EndGlobalSection
	GlobalSection(ProjectConfigurationPlatforms) = postSolution
		{A85A4320-21E5-4C24-AE0D-AA9086EB1FC3}.Debug|Any CPU.ActiveCfg = Debug|Any CPU
		{A85A4320-21E5-4C24-AE0D-AA9086EB1FC3}.Debug|Any CPU.Build.0 = Debug|Any CPU
		{A85A4320-21E5-4C24-AE0D-AA9086EB1FC3}.Release|Any CPU.ActiveCfg = Release|Any CPU
		{A85A4320-21E5-4C24-AE0D-AA9086EB1FC3}.Release|Any CPU.Build.0 = Release|Any CPU
	EndGlobalSection
	GlobalSection(SolutionProperties) = preSolution
		HideSolutionNode = FALSE
	EndGlobalSection
	GlobalSection(ExtensibilityGlobals) = postSolution
		SolutionGuid = {FEB8B31F-1161-49A7-AC6B-6C1DFA45FE6E}
	EndGlobalSection
EndGlobal
