
Microsoft Visual Studio Solution File, Format Version 12.00
# Visual Studio Version 16
VisualStudioVersion = 16.0.31613.86
MinimumVisualStudioVersion = 10.0.40219.1
Project("{9A19103F-16F7-4668-BE54-9A1E7A4F7556}") = "Aula71AluguelArray", "Aula71AluguelArray\Aula71AluguelArray.csproj", "{47B89B86-1977-4112-B3FF-187EE140A483}"
EndProject
Project("{FAE04EC0-301F-11D3-BF4B-00C04F79EFBC}") = "Program", "..\..\Aula72Params\Program\Program.csproj", "{0AC7B25B-0EA6-40D1-AB34-EF71F86C0C1A}"
EndProject
Global
	GlobalSection(SolutionConfigurationPlatforms) = preSolution
		Debug|Any CPU = Debug|Any CPU
		Release|Any CPU = Release|Any CPU
	EndGlobalSection
	GlobalSection(ProjectConfigurationPlatforms) = postSolution
		{47B89B86-1977-4112-B3FF-187EE140A483}.Debug|Any CPU.ActiveCfg = Debug|Any CPU
		{47B89B86-1977-4112-B3FF-187EE140A483}.Debug|Any CPU.Build.0 = Debug|Any CPU
		{47B89B86-1977-4112-B3FF-187EE140A483}.Release|Any CPU.ActiveCfg = Release|Any CPU
		{47B89B86-1977-4112-B3FF-187EE140A483}.Release|Any CPU.Build.0 = Release|Any CPU
		{0AC7B25B-0EA6-40D1-AB34-EF71F86C0C1A}.Debug|Any CPU.ActiveCfg = Debug|Any CPU
		{0AC7B25B-0EA6-40D1-AB34-EF71F86C0C1A}.Debug|Any CPU.Build.0 = Debug|Any CPU
		{0AC7B25B-0EA6-40D1-AB34-EF71F86C0C1A}.Release|Any CPU.ActiveCfg = Release|Any CPU
		{0AC7B25B-0EA6-40D1-AB34-EF71F86C0C1A}.Release|Any CPU.Build.0 = Release|Any CPU
	EndGlobalSection
	GlobalSection(SolutionProperties) = preSolution
		HideSolutionNode = FALSE
	EndGlobalSection
	GlobalSection(ExtensibilityGlobals) = postSolution
		SolutionGuid = {F0E27166-897C-4452-88F8-E768FD9BABA0}
	EndGlobalSection
EndGlobal
