
Microsoft Visual Studio Solution File, Format Version 12.00
# Visual Studio Version 16
VisualStudioVersion = 16.0.31613.86
MinimumVisualStudioVersion = 10.0.40219.1
Project("{FAE04EC0-301F-11D3-BF4B-00C04F79EFBC}") = "Aula80ExercicioMatrizes", "Aula80ExercicioMatrizes\Aula80ExercicioMatrizes.csproj", "{9C7F81CB-D485-4E73-A58D-A62C620D8E07}"
EndProject
Global
	GlobalSection(SolutionConfigurationPlatforms) = preSolution
		Debug|Any CPU = Debug|Any CPU
		Release|Any CPU = Release|Any CPU
	EndGlobalSection
	GlobalSection(ProjectConfigurationPlatforms) = postSolution
		{9C7F81CB-D485-4E73-A58D-A62C620D8E07}.Debug|Any CPU.ActiveCfg = Debug|Any CPU
		{9C7F81CB-D485-4E73-A58D-A62C620D8E07}.Debug|Any CPU.Build.0 = Debug|Any CPU
		{9C7F81CB-D485-4E73-A58D-A62C620D8E07}.Release|Any CPU.ActiveCfg = Release|Any CPU
		{9C7F81CB-D485-4E73-A58D-A62C620D8E07}.Release|Any CPU.Build.0 = Release|Any CPU
	EndGlobalSection
	GlobalSection(SolutionProperties) = preSolution
		HideSolutionNode = FALSE
	EndGlobalSection
	GlobalSection(ExtensibilityGlobals) = postSolution
		SolutionGuid = {66920FE6-CA46-4DC8-AC26-299ECB7F5C84}
	EndGlobalSection
EndGlobal
