
Microsoft Visual Studio Solution File, Format Version 12.00
# Visual Studio Version 16
VisualStudioVersion = 16.0.31613.86
MinimumVisualStudioVersion = 10.0.40219.1
Project("{FAE04EC0-301F-11D3-BF4B-00C04F79EFBC}") = "Params", "Params\Params.csproj", "{AE87412A-3F51-442F-8F5B-DEBAA952D562}"
EndProject
Global
	GlobalSection(SolutionConfigurationPlatforms) = preSolution
		Debug|Any CPU = Debug|Any CPU
		Release|Any CPU = Release|Any CPU
	EndGlobalSection
	GlobalSection(ProjectConfigurationPlatforms) = postSolution
		{AE87412A-3F51-442F-8F5B-DEBAA952D562}.Debug|Any CPU.ActiveCfg = Debug|Any CPU
		{AE87412A-3F51-442F-8F5B-DEBAA952D562}.Debug|Any CPU.Build.0 = Debug|Any CPU
		{AE87412A-3F51-442F-8F5B-DEBAA952D562}.Release|Any CPU.ActiveCfg = Release|Any CPU
		{AE87412A-3F51-442F-8F5B-DEBAA952D562}.Release|Any CPU.Build.0 = Release|Any CPU
	EndGlobalSection
	GlobalSection(SolutionProperties) = preSolution
		HideSolutionNode = FALSE
	EndGlobalSection
	GlobalSection(ExtensibilityGlobals) = postSolution
		SolutionGuid = {3396C7F4-36CA-46F6-969A-9261F0F41701}
	EndGlobalSection
EndGlobal
